
Microsoft Visual Studio Solution File, Format Version 12.00
# Visual Studio Version 17
VisualStudioVersion = 17.9.34616.47
MinimumVisualStudioVersion = 10.0.40219.1
Project("{FAE04EC0-301F-11D3-BF4B-00C04F79EFBC}") = "vjezbaString", "vjezbaString\vjezbaString.csproj", "{3F14FF4B-939C-4DF6-A126-FB33AC230014}"
EndProject
Global
	GlobalSection(SolutionConfigurationPlatforms) = preSolution
		Debug|Any CPU = Debug|Any CPU
		Release|Any CPU = Release|Any CPU
	EndGlobalSection
	GlobalSection(ProjectConfigurationPlatforms) = postSolution
		{3F14FF4B-939C-4DF6-A126-FB33AC230014}.Debug|Any CPU.ActiveCfg = Debug|Any CPU
		{3F14FF4B-939C-4DF6-A126-FB33AC230014}.Debug|Any CPU.Build.0 = Debug|Any CPU
		{3F14FF4B-939C-4DF6-A126-FB33AC230014}.Release|Any CPU.ActiveCfg = Release|Any CPU
		{3F14FF4B-939C-4DF6-A126-FB33AC230014}.Release|Any CPU.Build.0 = Release|Any CPU
	EndGlobalSection
	GlobalSection(SolutionProperties) = preSolution
		HideSolutionNode = FALSE
	EndGlobalSection
	GlobalSection(ExtensibilityGlobals) = postSolution
		SolutionGuid = {D3E5C533-00C5-4D68-9E7D-E1C7E2EBEE27}
	EndGlobalSection
EndGlobal
